
Microsoft Visual Studio Solution File, Format Version 12.00
# Visual Studio Version 17
VisualStudioVersion = 17.14.36310.24 d17.14
MinimumVisualStudioVersion = 10.0.40219.1
Project("{FAE04EC0-301F-11D3-BF4B-00C04F79EFBC}") = "009._Palindrome_Number", "009._Palindrome_Number\009._Palindrome_Number.csproj", "{D8D29622-8AD8-415C-993D-8806ABBD117E}"
EndProject
Global
	GlobalSection(SolutionConfigurationPlatforms) = preSolution
		Debug|Any CPU = Debug|Any CPU
		Release|Any CPU = Release|Any CPU
	EndGlobalSection
	GlobalSection(ProjectConfigurationPlatforms) = postSolution
		{D8D29622-8AD8-415C-993D-8806ABBD117E}.Debug|Any CPU.ActiveCfg = Debug|Any CPU
		{D8D29622-8AD8-415C-993D-8806ABBD117E}.Debug|Any CPU.Build.0 = Debug|Any CPU
		{D8D29622-8AD8-415C-993D-8806ABBD117E}.Release|Any CPU.ActiveCfg = Release|Any CPU
		{D8D29622-8AD8-415C-993D-8806ABBD117E}.Release|Any CPU.Build.0 = Release|Any CPU
	EndGlobalSection
	GlobalSection(SolutionProperties) = preSolution
		HideSolutionNode = FALSE
	EndGlobalSection
	GlobalSection(ExtensibilityGlobals) = postSolution
		SolutionGuid = {088F2BE5-E12A-4633-96C1-CC19753BD694}
	EndGlobalSection
EndGlobal
